
Microsoft Visual Studio Solution File, Format Version 12.00
# Visual Studio Version 16
VisualStudioVersion = 25.0.1706.14
MinimumVisualStudioVersion = 10.0.40219.1
Project("{FAE04EC0-301F-11D3-BF4B-00C04F79EFBC}") = "passwordReseter", "passwordReseter\passwordReseter.csproj", "{858CBC03-ECB4-4C46-8202-D0B235ECE174}"
EndProject
Global
	GlobalSection(SolutionConfigurationPlatforms) = preSolution
		Debug|Any CPU = Debug|Any CPU
		Release|Any CPU = Release|Any CPU
	EndGlobalSection
	GlobalSection(ProjectConfigurationPlatforms) = postSolution
		{858CBC03-ECB4-4C46-8202-D0B235ECE174}.Debug|Any CPU.ActiveCfg = Debug|Any CPU
		{858CBC03-ECB4-4C46-8202-D0B235ECE174}.Debug|Any CPU.Build.0 = Debug|Any CPU
		{858CBC03-ECB4-4C46-8202-D0B235ECE174}.Release|Any CPU.ActiveCfg = Release|Any CPU
		{858CBC03-ECB4-4C46-8202-D0B235ECE174}.Release|Any CPU.Build.0 = Release|Any CPU
	EndGlobalSection
	GlobalSection(SolutionProperties) = preSolution
		HideSolutionNode = FALSE
	EndGlobalSection
	GlobalSection(ExtensibilityGlobals) = postSolution
		SolutionGuid = {87A588EB-7AA8-42FE-A50C-E7865FEA3CD8}
	EndGlobalSection
EndGlobal
