
Microsoft Visual Studio Solution File, Format Version 12.00
# Visual Studio Version 16
VisualStudioVersion = 25.0.1706.14
MinimumVisualStudioVersion = 10.0.40219.1
Project("{FAE04EC0-301F-11D3-BF4B-00C04F79EFBC}") = "SortEvenNumbers", "SortEvenNumbers\SortEvenNumbers.csproj", "{05F2051B-A12B-41EB-A3CD-530F35B8641B}"
EndProject
Project("{FAE04EC0-301F-11D3-BF4B-00C04F79EFBC}") = "SumNumbers", "SumNumbers\SumNumbers.csproj", "{A43B8658-8F78-482A-A5AB-2BD7DC26820F}"
EndProject
Project("{FAE04EC0-301F-11D3-BF4B-00C04F79EFBC}") = "CountUppercaseWords", "CountUppercaseWords\CountUppercaseWords.csproj", "{9C0AF07E-18A4-4A50-A41E-C095533C55C2}"
EndProject
Project("{FAE04EC0-301F-11D3-BF4B-00C04F79EFBC}") = "AddVAT", "AddVAT\AddVAT.csproj", "{DCD7D7AE-92F4-4AA3-9E34-B990E76FCF15}"
EndProject
Project("{FAE04EC0-301F-11D3-BF4B-00C04F79EFBC}") = "FilterByAge", "FilterByAge\FilterByAge.csproj", "{4DEF195A-D608-4041-8D9A-40FB747263CC}"
EndProject
Global
	GlobalSection(SolutionConfigurationPlatforms) = preSolution
		Debug|Any CPU = Debug|Any CPU
		Release|Any CPU = Release|Any CPU
	EndGlobalSection
	GlobalSection(ProjectConfigurationPlatforms) = postSolution
		{05F2051B-A12B-41EB-A3CD-530F35B8641B}.Debug|Any CPU.ActiveCfg = Debug|Any CPU
		{05F2051B-A12B-41EB-A3CD-530F35B8641B}.Debug|Any CPU.Build.0 = Debug|Any CPU
		{05F2051B-A12B-41EB-A3CD-530F35B8641B}.Release|Any CPU.ActiveCfg = Release|Any CPU
		{05F2051B-A12B-41EB-A3CD-530F35B8641B}.Release|Any CPU.Build.0 = Release|Any CPU
		{A43B8658-8F78-482A-A5AB-2BD7DC26820F}.Debug|Any CPU.ActiveCfg = Debug|Any CPU
		{A43B8658-8F78-482A-A5AB-2BD7DC26820F}.Debug|Any CPU.Build.0 = Debug|Any CPU
		{A43B8658-8F78-482A-A5AB-2BD7DC26820F}.Release|Any CPU.ActiveCfg = Release|Any CPU
		{A43B8658-8F78-482A-A5AB-2BD7DC26820F}.Release|Any CPU.Build.0 = Release|Any CPU
		{9C0AF07E-18A4-4A50-A41E-C095533C55C2}.Debug|Any CPU.ActiveCfg = Debug|Any CPU
		{9C0AF07E-18A4-4A50-A41E-C095533C55C2}.Debug|Any CPU.Build.0 = Debug|Any CPU
		{9C0AF07E-18A4-4A50-A41E-C095533C55C2}.Release|Any CPU.ActiveCfg = Release|Any CPU
		{9C0AF07E-18A4-4A50-A41E-C095533C55C2}.Release|Any CPU.Build.0 = Release|Any CPU
		{DCD7D7AE-92F4-4AA3-9E34-B990E76FCF15}.Debug|Any CPU.ActiveCfg = Debug|Any CPU
		{DCD7D7AE-92F4-4AA3-9E34-B990E76FCF15}.Debug|Any CPU.Build.0 = Debug|Any CPU
		{DCD7D7AE-92F4-4AA3-9E34-B990E76FCF15}.Release|Any CPU.ActiveCfg = Release|Any CPU
		{DCD7D7AE-92F4-4AA3-9E34-B990E76FCF15}.Release|Any CPU.Build.0 = Release|Any CPU
		{4DEF195A-D608-4041-8D9A-40FB747263CC}.Debug|Any CPU.ActiveCfg = Debug|Any CPU
		{4DEF195A-D608-4041-8D9A-40FB747263CC}.Debug|Any CPU.Build.0 = Debug|Any CPU
		{4DEF195A-D608-4041-8D9A-40FB747263CC}.Release|Any CPU.ActiveCfg = Release|Any CPU
		{4DEF195A-D608-4041-8D9A-40FB747263CC}.Release|Any CPU.Build.0 = Release|Any CPU
	EndGlobalSection
	GlobalSection(SolutionProperties) = preSolution
		HideSolutionNode = FALSE
	EndGlobalSection
	GlobalSection(ExtensibilityGlobals) = postSolution
		SolutionGuid = {4BB268BA-31A3-4F1B-AE35-BECDC10986BE}
	EndGlobalSection
EndGlobal
