
Microsoft Visual Studio Solution File, Format Version 12.00
# Visual Studio Version 16
VisualStudioVersion = 25.0.1706.14
MinimumVisualStudioVersion = 10.0.40219.1
Project("{FAE04EC0-301F-11D3-BF4B-00C04F79EFBC}") = "CountSameValuesArray", "CountSameValuesArray\CountSameValuesArray.csproj", "{59C92534-B758-4B88-AF86-1279ED7620E3}"
EndProject
Project("{FAE04EC0-301F-11D3-BF4B-00C04F79EFBC}") = "AverageStudentGrades", "AverageStudentGrades\AverageStudentGrades.csproj", "{39818A82-F23A-4DA0-A7A8-2707D5E8B70D}"
EndProject
Project("{FAE04EC0-301F-11D3-BF4B-00C04F79EFBC}") = "LargestThreeNumbers", "LargestThreeNumbers\LargestThreeNumbers.csproj", "{3D3DF8B9-E5EB-4D66-8683-89D452432DC9}"
EndProject
Project("{FAE04EC0-301F-11D3-BF4B-00C04F79EFBC}") = "ProductShop", "ProductShop\ProductShop.csproj", "{88BE041D-404E-459E-8183-4C83DAAAE4A0}"
EndProject
Project("{FAE04EC0-301F-11D3-BF4B-00C04F79EFBC}") = "RecordUniqueNames", "RecordUniqueNames\RecordUniqueNames.csproj", "{63537E2B-6DEC-4B73-80CF-F9D223A2E5F8}"
EndProject
Global
	GlobalSection(SolutionConfigurationPlatforms) = preSolution
		Debug|Any CPU = Debug|Any CPU
		Release|Any CPU = Release|Any CPU
	EndGlobalSection
	GlobalSection(ProjectConfigurationPlatforms) = postSolution
		{59C92534-B758-4B88-AF86-1279ED7620E3}.Debug|Any CPU.ActiveCfg = Debug|Any CPU
		{59C92534-B758-4B88-AF86-1279ED7620E3}.Debug|Any CPU.Build.0 = Debug|Any CPU
		{59C92534-B758-4B88-AF86-1279ED7620E3}.Release|Any CPU.ActiveCfg = Release|Any CPU
		{59C92534-B758-4B88-AF86-1279ED7620E3}.Release|Any CPU.Build.0 = Release|Any CPU
		{39818A82-F23A-4DA0-A7A8-2707D5E8B70D}.Debug|Any CPU.ActiveCfg = Debug|Any CPU
		{39818A82-F23A-4DA0-A7A8-2707D5E8B70D}.Debug|Any CPU.Build.0 = Debug|Any CPU
		{39818A82-F23A-4DA0-A7A8-2707D5E8B70D}.Release|Any CPU.ActiveCfg = Release|Any CPU
		{39818A82-F23A-4DA0-A7A8-2707D5E8B70D}.Release|Any CPU.Build.0 = Release|Any CPU
		{3D3DF8B9-E5EB-4D66-8683-89D452432DC9}.Debug|Any CPU.ActiveCfg = Debug|Any CPU
		{3D3DF8B9-E5EB-4D66-8683-89D452432DC9}.Debug|Any CPU.Build.0 = Debug|Any CPU
		{3D3DF8B9-E5EB-4D66-8683-89D452432DC9}.Release|Any CPU.ActiveCfg = Release|Any CPU
		{3D3DF8B9-E5EB-4D66-8683-89D452432DC9}.Release|Any CPU.Build.0 = Release|Any CPU
		{88BE041D-404E-459E-8183-4C83DAAAE4A0}.Debug|Any CPU.ActiveCfg = Debug|Any CPU
		{88BE041D-404E-459E-8183-4C83DAAAE4A0}.Debug|Any CPU.Build.0 = Debug|Any CPU
		{88BE041D-404E-459E-8183-4C83DAAAE4A0}.Release|Any CPU.ActiveCfg = Release|Any CPU
		{88BE041D-404E-459E-8183-4C83DAAAE4A0}.Release|Any CPU.Build.0 = Release|Any CPU
		{63537E2B-6DEC-4B73-80CF-F9D223A2E5F8}.Debug|Any CPU.ActiveCfg = Debug|Any CPU
		{63537E2B-6DEC-4B73-80CF-F9D223A2E5F8}.Debug|Any CPU.Build.0 = Debug|Any CPU
		{63537E2B-6DEC-4B73-80CF-F9D223A2E5F8}.Release|Any CPU.ActiveCfg = Release|Any CPU
		{63537E2B-6DEC-4B73-80CF-F9D223A2E5F8}.Release|Any CPU.Build.0 = Release|Any CPU
	EndGlobalSection
	GlobalSection(SolutionProperties) = preSolution
		HideSolutionNode = FALSE
	EndGlobalSection
	GlobalSection(ExtensibilityGlobals) = postSolution
		SolutionGuid = {8BC35364-A09A-426A-864A-1003F93047DC}
	EndGlobalSection
EndGlobal
