
Microsoft Visual Studio Solution File, Format Version 12.00
# Visual Studio Version 16
VisualStudioVersion = 25.0.1706.14
MinimumVisualStudioVersion = 10.0.40219.1
Project("{FAE04EC0-301F-11D3-BF4B-00C04F79EFBC}") = "WorkshopImplementingStackAndQueue", "WorkshopImplementingStackAndQueue\WorkshopImplementingStackAndQueue.csproj", "{0212B587-92FE-43BF-869B-E19C95CEC13F}"
EndProject
Global
	GlobalSection(SolutionConfigurationPlatforms) = preSolution
		Debug|Any CPU = Debug|Any CPU
		Release|Any CPU = Release|Any CPU
	EndGlobalSection
	GlobalSection(ProjectConfigurationPlatforms) = postSolution
		{0212B587-92FE-43BF-869B-E19C95CEC13F}.Debug|Any CPU.ActiveCfg = Debug|Any CPU
		{0212B587-92FE-43BF-869B-E19C95CEC13F}.Debug|Any CPU.Build.0 = Debug|Any CPU
		{0212B587-92FE-43BF-869B-E19C95CEC13F}.Release|Any CPU.ActiveCfg = Release|Any CPU
		{0212B587-92FE-43BF-869B-E19C95CEC13F}.Release|Any CPU.Build.0 = Release|Any CPU
	EndGlobalSection
	GlobalSection(SolutionProperties) = preSolution
		HideSolutionNode = FALSE
	EndGlobalSection
	GlobalSection(ExtensibilityGlobals) = postSolution
		SolutionGuid = {914BC629-EA5C-4096-9FCD-A64020710F5A}
	EndGlobalSection
EndGlobal
