
Microsoft Visual Studio Solution File, Format Version 12.00
# Visual Studio Version 16
VisualStudioVersion = 25.0.1706.14
MinimumVisualStudioVersion = 10.0.40219.1
Project("{FAE04EC0-301F-11D3-BF4B-00C04F79EFBC}") = "LadybugsMovement", "LadybugsMovement\LadybugsMovement.csproj", "{1C615658-3171-4793-9797-3DE82C8BBD13}"
EndProject
Project("{FAE04EC0-301F-11D3-BF4B-00C04F79EFBC}") = "ListManipulationAdvanced", "ListManipulationAdvanced\ListManipulationAdvanced.csproj", "{60640A8B-1AC5-4D64-B909-56DF19B9562A}"
EndProject
Global
	GlobalSection(SolutionConfigurationPlatforms) = preSolution
		Debug|Any CPU = Debug|Any CPU
		Release|Any CPU = Release|Any CPU
	EndGlobalSection
	GlobalSection(ProjectConfigurationPlatforms) = postSolution
		{1C615658-3171-4793-9797-3DE82C8BBD13}.Debug|Any CPU.ActiveCfg = Debug|Any CPU
		{1C615658-3171-4793-9797-3DE82C8BBD13}.Debug|Any CPU.Build.0 = Debug|Any CPU
		{1C615658-3171-4793-9797-3DE82C8BBD13}.Release|Any CPU.ActiveCfg = Release|Any CPU
		{1C615658-3171-4793-9797-3DE82C8BBD13}.Release|Any CPU.Build.0 = Release|Any CPU
		{60640A8B-1AC5-4D64-B909-56DF19B9562A}.Debug|Any CPU.ActiveCfg = Debug|Any CPU
		{60640A8B-1AC5-4D64-B909-56DF19B9562A}.Debug|Any CPU.Build.0 = Debug|Any CPU
		{60640A8B-1AC5-4D64-B909-56DF19B9562A}.Release|Any CPU.ActiveCfg = Release|Any CPU
		{60640A8B-1AC5-4D64-B909-56DF19B9562A}.Release|Any CPU.Build.0 = Release|Any CPU
	EndGlobalSection
	GlobalSection(SolutionProperties) = preSolution
		HideSolutionNode = FALSE
	EndGlobalSection
	GlobalSection(ExtensibilityGlobals) = postSolution
		SolutionGuid = {DED719ED-02BE-4DC7-BE40-07EE1D82BE88}
	EndGlobalSection
EndGlobal
